
Microsoft Visual Studio Solution File, Format Version 12.00
# Visual Studio Version 17
VisualStudioVersion = 17.0.31612.314
MinimumVisualStudioVersion = 10.0.40219.1
Project("{FAE04EC0-301F-11D3-BF4B-00C04F79EFBC}") = "DesktopClient", "DesktopClient\DesktopClient.csproj", "{A7705CF3-5F4F-44A0-BDF8-297C1D7A90D2}"
EndProject
Global
	GlobalSection(SolutionConfigurationPlatforms) = preSolution
		Debug|Any CPU = Debug|Any CPU
		Release|Any CPU = Release|Any CPU
	EndGlobalSection
	GlobalSection(ProjectConfigurationPlatforms) = postSolution
		{A7705CF3-5F4F-44A0-BDF8-297C1D7A90D2}.Debug|Any CPU.ActiveCfg = Debug|Any CPU
		{A7705CF3-5F4F-44A0-BDF8-297C1D7A90D2}.Debug|Any CPU.Build.0 = Debug|Any CPU
		{A7705CF3-5F4F-44A0-BDF8-297C1D7A90D2}.Release|Any CPU.ActiveCfg = Release|Any CPU
		{A7705CF3-5F4F-44A0-BDF8-297C1D7A90D2}.Release|Any CPU.Build.0 = Release|Any CPU
	EndGlobalSection
	GlobalSection(SolutionProperties) = preSolution
		HideSolutionNode = FALSE
	EndGlobalSection
	GlobalSection(ExtensibilityGlobals) = postSolution
		SolutionGuid = {19A63F91-EF96-4316-BFE7-99926B0D6DD2}
	EndGlobalSection
EndGlobal
